
Microsoft Visual Studio Solution File, Format Version 12.00
# Visual Studio Version 17
VisualStudioVersion = 17.0.32112.339
MinimumVisualStudioVersion = 10.0.40219.1
Project("{2150E333-8FDC-42A3-9474-1A3956D46DE8}") = "src", "src", "{3ED2FCB7-4DC1-4B9F-BAF4-AC62378AD953}"
EndProject
Project("{9A19103F-16F7-4668-BE54-9A1E7A4F7556}") = "Kys.Parser", "src\Kys.Parser\Kys.Parser.csproj", "{10B50627-D69D-423B-AEB9-128F8A0F3A25}"
EndProject
Project("{9A19103F-16F7-4668-BE54-9A1E7A4F7556}") = "Kys", "src\Kys\Kys.csproj", "{A4BD57B4-7F22-44EC-9E79-2376F068AA53}"
EndProject
Project("{9A19103F-16F7-4668-BE54-9A1E7A4F7556}") = "Kys.Library", "src\Kys.Library\Kys.Library.csproj", "{D6E996D0-32C7-4367-9585-ED6401C19E65}"
EndProject
Project("{9A19103F-16F7-4668-BE54-9A1E7A4F7556}") = "Kys.Lang", "src\Kys.Lang\Kys.Lang.csproj", "{8297C7FE-912C-4880-B815-1923FA527A35}"
EndProject
Project("{9A19103F-16F7-4668-BE54-9A1E7A4F7556}") = "Kys.Interpreter", "src\Kys.Interpreter\Kys.Interpreter.csproj", "{0576C79E-0505-4AFC-8DB7-F3521CBB7C40}"
EndProject
Project("{9A19103F-16F7-4668-BE54-9A1E7A4F7556}") = "KYLib", "..\KYLib-CSharp\KYLib\KYLib.csproj", "{7876C49C-5293-456D-B21F-4A8D1F8808BC}"
EndProject
Global
	GlobalSection(SolutionConfigurationPlatforms) = preSolution
		Debug|Any CPU = Debug|Any CPU
		Debug|x64 = Debug|x64
		Debug|x86 = Debug|x86
		Release|Any CPU = Release|Any CPU
		Release|x64 = Release|x64
		Release|x86 = Release|x86
	EndGlobalSection
	GlobalSection(ProjectConfigurationPlatforms) = postSolution
		{10B50627-D69D-423B-AEB9-128F8A0F3A25}.Debug|Any CPU.ActiveCfg = Debug|Any CPU
		{10B50627-D69D-423B-AEB9-128F8A0F3A25}.Debug|Any CPU.Build.0 = Debug|Any CPU
		{10B50627-D69D-423B-AEB9-128F8A0F3A25}.Debug|x64.ActiveCfg = Debug|Any CPU
		{10B50627-D69D-423B-AEB9-128F8A0F3A25}.Debug|x64.Build.0 = Debug|Any CPU
		{10B50627-D69D-423B-AEB9-128F8A0F3A25}.Debug|x86.ActiveCfg = Debug|Any CPU
		{10B50627-D69D-423B-AEB9-128F8A0F3A25}.Debug|x86.Build.0 = Debug|Any CPU
		{10B50627-D69D-423B-AEB9-128F8A0F3A25}.Release|Any CPU.ActiveCfg = Release|Any CPU
		{10B50627-D69D-423B-AEB9-128F8A0F3A25}.Release|Any CPU.Build.0 = Release|Any CPU
		{10B50627-D69D-423B-AEB9-128F8A0F3A25}.Release|x64.ActiveCfg = Release|Any CPU
		{10B50627-D69D-423B-AEB9-128F8A0F3A25}.Release|x64.Build.0 = Release|Any CPU
		{10B50627-D69D-423B-AEB9-128F8A0F3A25}.Release|x86.ActiveCfg = Release|Any CPU
		{10B50627-D69D-423B-AEB9-128F8A0F3A25}.Release|x86.Build.0 = Release|Any CPU
		{A4BD57B4-7F22-44EC-9E79-2376F068AA53}.Debug|Any CPU.ActiveCfg = Debug|Any CPU
		{A4BD57B4-7F22-44EC-9E79-2376F068AA53}.Debug|Any CPU.Build.0 = Debug|Any CPU
		{A4BD57B4-7F22-44EC-9E79-2376F068AA53}.Debug|x64.ActiveCfg = Debug|Any CPU
		{A4BD57B4-7F22-44EC-9E79-2376F068AA53}.Debug|x64.Build.0 = Debug|Any CPU
		{A4BD57B4-7F22-44EC-9E79-2376F068AA53}.Debug|x86.ActiveCfg = Debug|Any CPU
		{A4BD57B4-7F22-44EC-9E79-2376F068AA53}.Debug|x86.Build.0 = Debug|Any CPU
		{A4BD57B4-7F22-44EC-9E79-2376F068AA53}.Release|Any CPU.ActiveCfg = Release|Any CPU
		{A4BD57B4-7F22-44EC-9E79-2376F068AA53}.Release|Any CPU.Build.0 = Release|Any CPU
		{A4BD57B4-7F22-44EC-9E79-2376F068AA53}.Release|x64.ActiveCfg = Release|Any CPU
		{A4BD57B4-7F22-44EC-9E79-2376F068AA53}.Release|x64.Build.0 = Release|Any CPU
		{A4BD57B4-7F22-44EC-9E79-2376F068AA53}.Release|x86.ActiveCfg = Release|Any CPU
		{A4BD57B4-7F22-44EC-9E79-2376F068AA53}.Release|x86.Build.0 = Release|Any CPU
		{D6E996D0-32C7-4367-9585-ED6401C19E65}.Debug|Any CPU.ActiveCfg = Debug|Any CPU
		{D6E996D0-32C7-4367-9585-ED6401C19E65}.Debug|Any CPU.Build.0 = Debug|Any CPU
		{D6E996D0-32C7-4367-9585-ED6401C19E65}.Debug|x64.ActiveCfg = Debug|Any CPU
		{D6E996D0-32C7-4367-9585-ED6401C19E65}.Debug|x64.Build.0 = Debug|Any CPU
		{D6E996D0-32C7-4367-9585-ED6401C19E65}.Debug|x86.ActiveCfg = Debug|Any CPU
		{D6E996D0-32C7-4367-9585-ED6401C19E65}.Debug|x86.Build.0 = Debug|Any CPU
		{D6E996D0-32C7-4367-9585-ED6401C19E65}.Release|Any CPU.ActiveCfg = Release|Any CPU
		{D6E996D0-32C7-4367-9585-ED6401C19E65}.Release|Any CPU.Build.0 = Release|Any CPU
		{D6E996D0-32C7-4367-9585-ED6401C19E65}.Release|x64.ActiveCfg = Release|Any CPU
		{D6E996D0-32C7-4367-9585-ED6401C19E65}.Release|x64.Build.0 = Release|Any CPU
		{D6E996D0-32C7-4367-9585-ED6401C19E65}.Release|x86.ActiveCfg = Release|Any CPU
		{D6E996D0-32C7-4367-9585-ED6401C19E65}.Release|x86.Build.0 = Release|Any CPU
		{8297C7FE-912C-4880-B815-1923FA527A35}.Debug|Any CPU.ActiveCfg = Debug|Any CPU
		{8297C7FE-912C-4880-B815-1923FA527A35}.Debug|Any CPU.Build.0 = Debug|Any CPU
		{8297C7FE-912C-4880-B815-1923FA527A35}.Debug|x64.ActiveCfg = Debug|Any CPU
		{8297C7FE-912C-4880-B815-1923FA527A35}.Debug|x64.Build.0 = Debug|Any CPU
		{8297C7FE-912C-4880-B815-1923FA527A35}.Debug|x86.ActiveCfg = Debug|Any CPU
		{8297C7FE-912C-4880-B815-1923FA527A35}.Debug|x86.Build.0 = Debug|Any CPU
		{8297C7FE-912C-4880-B815-1923FA527A35}.Release|Any CPU.ActiveCfg = Release|Any CPU
		{8297C7FE-912C-4880-B815-1923FA527A35}.Release|Any CPU.Build.0 = Release|Any CPU
		{8297C7FE-912C-4880-B815-1923FA527A35}.Release|x64.ActiveCfg = Release|Any CPU
		{8297C7FE-912C-4880-B815-1923FA527A35}.Release|x64.Build.0 = Release|Any CPU
		{8297C7FE-912C-4880-B815-1923FA527A35}.Release|x86.ActiveCfg = Release|Any CPU
		{8297C7FE-912C-4880-B815-1923FA527A35}.Release|x86.Build.0 = Release|Any CPU
		{0576C79E-0505-4AFC-8DB7-F3521CBB7C40}.Debug|Any CPU.ActiveCfg = Debug|Any CPU
		{0576C79E-0505-4AFC-8DB7-F3521CBB7C40}.Debug|Any CPU.Build.0 = Debug|Any CPU
		{0576C79E-0505-4AFC-8DB7-F3521CBB7C40}.Debug|x64.ActiveCfg = Debug|Any CPU
		{0576C79E-0505-4AFC-8DB7-F3521CBB7C40}.Debug|x64.Build.0 = Debug|Any CPU
		{0576C79E-0505-4AFC-8DB7-F3521CBB7C40}.Debug|x86.ActiveCfg = Debug|Any CPU
		{0576C79E-0505-4AFC-8DB7-F3521CBB7C40}.Debug|x86.Build.0 = Debug|Any CPU
		{0576C79E-0505-4AFC-8DB7-F3521CBB7C40}.Release|Any CPU.ActiveCfg = Release|Any CPU
		{0576C79E-0505-4AFC-8DB7-F3521CBB7C40}.Release|Any CPU.Build.0 = Release|Any CPU
		{0576C79E-0505-4AFC-8DB7-F3521CBB7C40}.Release|x64.ActiveCfg = Release|Any CPU
		{0576C79E-0505-4AFC-8DB7-F3521CBB7C40}.Release|x64.Build.0 = Release|Any CPU
		{0576C79E-0505-4AFC-8DB7-F3521CBB7C40}.Release|x86.ActiveCfg = Release|Any CPU
		{0576C79E-0505-4AFC-8DB7-F3521CBB7C40}.Release|x86.Build.0 = Release|Any CPU
		{7876C49C-5293-456D-B21F-4A8D1F8808BC}.Debug|Any CPU.ActiveCfg = Debug|Any CPU
		{7876C49C-5293-456D-B21F-4A8D1F8808BC}.Debug|Any CPU.Build.0 = Debug|Any CPU
		{7876C49C-5293-456D-B21F-4A8D1F8808BC}.Debug|x64.ActiveCfg = Debug|Any CPU
		{7876C49C-5293-456D-B21F-4A8D1F8808BC}.Debug|x64.Build.0 = Debug|Any CPU
		{7876C49C-5293-456D-B21F-4A8D1F8808BC}.Debug|x86.ActiveCfg = Debug|Any CPU
		{7876C49C-5293-456D-B21F-4A8D1F8808BC}.Debug|x86.Build.0 = Debug|Any CPU
		{7876C49C-5293-456D-B21F-4A8D1F8808BC}.Release|Any CPU.ActiveCfg = Release|Any CPU
		{7876C49C-5293-456D-B21F-4A8D1F8808BC}.Release|Any CPU.Build.0 = Release|Any CPU
		{7876C49C-5293-456D-B21F-4A8D1F8808BC}.Release|x64.ActiveCfg = Release|Any CPU
		{7876C49C-5293-456D-B21F-4A8D1F8808BC}.Release|x64.Build.0 = Release|Any CPU
		{7876C49C-5293-456D-B21F-4A8D1F8808BC}.Release|x86.ActiveCfg = Release|Any CPU
		{7876C49C-5293-456D-B21F-4A8D1F8808BC}.Release|x86.Build.0 = Release|Any CPU
	EndGlobalSection
	GlobalSection(SolutionProperties) = preSolution
		HideSolutionNode = FALSE
	EndGlobalSection
	GlobalSection(NestedProjects) = preSolution
		{10B50627-D69D-423B-AEB9-128F8A0F3A25} = {3ED2FCB7-4DC1-4B9F-BAF4-AC62378AD953}
		{A4BD57B4-7F22-44EC-9E79-2376F068AA53} = {3ED2FCB7-4DC1-4B9F-BAF4-AC62378AD953}
		{D6E996D0-32C7-4367-9585-ED6401C19E65} = {3ED2FCB7-4DC1-4B9F-BAF4-AC62378AD953}
		{8297C7FE-912C-4880-B815-1923FA527A35} = {3ED2FCB7-4DC1-4B9F-BAF4-AC62378AD953}
		{0576C79E-0505-4AFC-8DB7-F3521CBB7C40} = {3ED2FCB7-4DC1-4B9F-BAF4-AC62378AD953}
	EndGlobalSection
	GlobalSection(ExtensibilityGlobals) = postSolution
		SolutionGuid = {116D5C32-0F27-46BC-96F6-E68BA6E303C3}
	EndGlobalSection
EndGlobal
